
Microsoft Visual Studio Solution File, Format Version 12.00
# Visual Studio Version 17
VisualStudioVersion = 17.3.32819.101
MinimumVisualStudioVersion = 10.0.40219.1
Project("{9A19103F-16F7-4668-BE54-9A1E7A4F7556}") = "Nordic Door.Server", "Server\Nordic Door.Server.csproj", "{FC1B529A-43FD-4835-B88F-28075FC425CD}"
EndProject
Project("{9A19103F-16F7-4668-BE54-9A1E7A4F7556}") = "Nordic Door.Client", "Client\Nordic Door.Client.csproj", "{9C9BC6E3-A70F-4E54-BAD9-177A19F2C100}"
EndProject
Project("{9A19103F-16F7-4668-BE54-9A1E7A4F7556}") = "Nordic Door.Shared", "Shared\Nordic Door.Shared.csproj", "{4E29E855-7522-4069-9640-6E98E786303D}"
EndProject
Global
	GlobalSection(SolutionConfigurationPlatforms) = preSolution
		Debug|Any CPU = Debug|Any CPU
		Release|Any CPU = Release|Any CPU
	EndGlobalSection
	GlobalSection(ProjectConfigurationPlatforms) = postSolution
		{FC1B529A-43FD-4835-B88F-28075FC425CD}.Debug|Any CPU.ActiveCfg = Debug|Any CPU
		{FC1B529A-43FD-4835-B88F-28075FC425CD}.Debug|Any CPU.Build.0 = Debug|Any CPU
		{FC1B529A-43FD-4835-B88F-28075FC425CD}.Release|Any CPU.ActiveCfg = Release|Any CPU
		{FC1B529A-43FD-4835-B88F-28075FC425CD}.Release|Any CPU.Build.0 = Release|Any CPU
		{9C9BC6E3-A70F-4E54-BAD9-177A19F2C100}.Debug|Any CPU.ActiveCfg = Debug|Any CPU
		{9C9BC6E3-A70F-4E54-BAD9-177A19F2C100}.Debug|Any CPU.Build.0 = Debug|Any CPU
		{9C9BC6E3-A70F-4E54-BAD9-177A19F2C100}.Release|Any CPU.ActiveCfg = Release|Any CPU
		{9C9BC6E3-A70F-4E54-BAD9-177A19F2C100}.Release|Any CPU.Build.0 = Release|Any CPU
		{4E29E855-7522-4069-9640-6E98E786303D}.Debug|Any CPU.ActiveCfg = Debug|Any CPU
		{4E29E855-7522-4069-9640-6E98E786303D}.Debug|Any CPU.Build.0 = Debug|Any CPU
		{4E29E855-7522-4069-9640-6E98E786303D}.Release|Any CPU.ActiveCfg = Release|Any CPU
		{4E29E855-7522-4069-9640-6E98E786303D}.Release|Any CPU.Build.0 = Release|Any CPU
	EndGlobalSection
	GlobalSection(SolutionProperties) = preSolution
		HideSolutionNode = FALSE
	EndGlobalSection
	GlobalSection(ExtensibilityGlobals) = postSolution
		SolutionGuid = {83F9E1EC-AE08-4A24-822B-03283A8845F1}
	EndGlobalSection
EndGlobal
