
Microsoft Visual Studio Solution File, Format Version 12.00
# Visual Studio Version 16
VisualStudioVersion = 25.0.1703.5
MinimumVisualStudioVersion = 10.0.40219.1
Project("{FAE04EC0-301F-11D3-BF4B-00C04F79EFBC}") = "Nordic Door.Server", "Nordic Door.Server.csproj", "{18331223-1F23-400F-9486-0EF95EC9E04F}"
EndProject
Global
	GlobalSection(SolutionConfigurationPlatforms) = preSolution
		Debug|Any CPU = Debug|Any CPU
		Release|Any CPU = Release|Any CPU
	EndGlobalSection
	GlobalSection(ProjectConfigurationPlatforms) = postSolution
		{18331223-1F23-400F-9486-0EF95EC9E04F}.Debug|Any CPU.ActiveCfg = Debug|Any CPU
		{18331223-1F23-400F-9486-0EF95EC9E04F}.Debug|Any CPU.Build.0 = Debug|Any CPU
		{18331223-1F23-400F-9486-0EF95EC9E04F}.Release|Any CPU.ActiveCfg = Release|Any CPU
		{18331223-1F23-400F-9486-0EF95EC9E04F}.Release|Any CPU.Build.0 = Release|Any CPU
	EndGlobalSection
	GlobalSection(SolutionProperties) = preSolution
		HideSolutionNode = FALSE
	EndGlobalSection
	GlobalSection(ExtensibilityGlobals) = postSolution
		SolutionGuid = {85A0258F-0C14-468B-BD69-816F3675B655}
	EndGlobalSection
EndGlobal
